// !$*UTF8*$!
{
	archiveVersion = 1;
	classes = {
	};
	objectVersion = 46;
	objects = {

/* Begin PBXBuildFile section */
		063B8ED31CB4AFBF00E3AFCC /* main.m in Sources */ = {isa = PBXBuildFile; fileRef = 063B8ED21CB4AFBF00E3AFCC /* main.m */; };
		063B8ED61CB4AFBF00E3AFCC /* AppDelegate.m in Sources */ = {isa = PBXBuildFile; fileRef = 063B8ED51CB4AFBF00E3AFCC /* AppDelegate.m */; };
		063B8ED91CB4AFBF00E3AFCC /* ViewController.m in Sources */ = {isa = PBXBuildFile; fileRef = 063B8ED81CB4AFBF00E3AFCC /* ViewController.m */; };
		063B8EDC1CB4AFBF00E3AFCC /* Main.storyboard in Resources */ = {isa = PBXBuildFile; fileRef = 063B8EDA1CB4AFBF00E3AFCC /* Main.storyboard */; };
		063B8EDF1CB4AFBF00E3AFCC /* HZLocker.xcdatamodeld in Sources */ = {isa = PBXBuildFile; fileRef = 063B8EDD1CB4AFBF00E3AFCC /* HZLocker.xcdatamodeld */; };
		063B8EE11CB4AFBF00E3AFCC /* Assets.xcassets in Resources */ = {isa = PBXBuildFile; fileRef = 063B8EE01CB4AFBF00E3AFCC /* Assets.xcassets */; };
		063B8EE41CB4AFBF00E3AFCC /* LaunchScreen.storyboard in Resources */ = {isa = PBXBuildFile; fileRef = 063B8EE21CB4AFBF00E3AFCC /* LaunchScreen.storyboard */; };
		063B8EF21CB4BA5700E3AFCC /* APPManager.m in Sources */ = {isa = PBXBuildFile; fileRef = 063B8EF11CB4BA5700E3AFCC /* APPManager.m */; };
		063B8EF61CB4BAB100E3AFCC /* SuperUIViewController.m in Sources */ = {isa = PBXBuildFile; fileRef = 063B8EF51CB4BAB100E3AFCC /* SuperUIViewController.m */; };
		063B8F001CB4BC1100E3AFCC /* HomeViewController.m in Sources */ = {isa = PBXBuildFile; fileRef = 063B8EFF1CB4BC1100E3AFCC /* HomeViewController.m */; };
		063B8F071CB4C4DF00E3AFCC /* APPTabBarController.m in Sources */ = {isa = PBXBuildFile; fileRef = 063B8F061CB4C4DF00E3AFCC /* APPTabBarController.m */; };
		063B8F0A1CB4C50900E3AFCC /* APPNavigationController.m in Sources */ = {isa = PBXBuildFile; fileRef = 063B8F091CB4C50900E3AFCC /* APPNavigationController.m */; };
		A28C62A6AD405E9A252518DA /* libPods.a in Frameworks */ = {isa = PBXBuildFile; fileRef = F754A12E4B107F04B5C3C39A /* libPods.a */; };
/* End PBXBuildFile section */

/* Begin PBXFileReference section */
		063B8ECE1CB4AFBF00E3AFCC /* HZLocker.app */ = {isa = PBXFileReference; explicitFileType = wrapper.application; includeInIndex = 0; path = HZLocker.app; sourceTree = BUILT_PRODUCTS_DIR; };
		063B8ED21CB4AFBF00E3AFCC /* main.m */ = {isa = PBXFileReference; lastKnownFileType = sourcecode.c.objc; path = main.m; sourceTree = "<group>"; };
		063B8ED41CB4AFBF00E3AFCC /* AppDelegate.h */ = {isa = PBXFileReference; lastKnownFileType = sourcecode.c.h; name = AppDelegate.h; path = ../AppDelegate.h; sourceTree = "<group>"; };
		063B8ED51CB4AFBF00E3AFCC /* AppDelegate.m */ = {isa = PBXFileReference; lastKnownFileType = sourcecode.c.objc; name = AppDelegate.m; path = ../AppDelegate.m; sourceTree = "<group>"; };
		063B8ED71CB4AFBF00E3AFCC /* ViewController.h */ = {isa = PBXFileReference; lastKnownFileType = sourcecode.c.h; path = ViewController.h; sourceTree = "<group>"; };
		063B8ED81CB4AFBF00E3AFCC /* ViewController.m */ = {isa = PBXFileReference; lastKnownFileType = sourcecode.c.objc; path = ViewController.m; sourceTree = "<group>"; };
		063B8EDB1CB4AFBF00E3AFCC /* Base */ = {isa = PBXFileReference; lastKnownFileType = file.storyboard; name = Base; path = Base.lproj/Main.storyboard; sourceTree = "<group>"; };
		063B8EDE1CB4AFBF00E3AFCC /* HZLocker.xcdatamodel */ = {isa = PBXFileReference; lastKnownFileType = wrapper.xcdatamodel; path = HZLocker.xcdatamodel; sourceTree = "<group>"; };
		063B8EE01CB4AFBF00E3AFCC /* Assets.xcassets */ = {isa = PBXFileReference; lastKnownFileType = folder.assetcatalog; path = Assets.xcassets; sourceTree = "<group>"; };
		063B8EE31CB4AFBF00E3AFCC /* Base */ = {isa = PBXFileReference; lastKnownFileType = file.storyboard; name = Base; path = Base.lproj/LaunchScreen.storyboard; sourceTree = "<group>"; };
		063B8EE51CB4AFBF00E3AFCC /* Info.plist */ = {isa = PBXFileReference; lastKnownFileType = text.plist.xml; path = Info.plist; sourceTree = "<group>"; };
		063B8EEB1CB4B84400E3AFCC /* PrefixHeader.pch */ = {isa = PBXFileReference; lastKnownFileType = sourcecode.c.h; path = PrefixHeader.pch; sourceTree = "<group>"; };
		063B8EF01CB4BA5700E3AFCC /* APPManager.h */ = {isa = PBXFileReference; fileEncoding = 4; lastKnownFileType = sourcecode.c.h; path = APPManager.h; sourceTree = "<group>"; };
		063B8EF11CB4BA5700E3AFCC /* APPManager.m */ = {isa = PBXFileReference; fileEncoding = 4; lastKnownFileType = sourcecode.c.objc; path = APPManager.m; sourceTree = "<group>"; };
		063B8EF41CB4BAB100E3AFCC /* SuperUIViewController.h */ = {isa = PBXFileReference; fileEncoding = 4; lastKnownFileType = sourcecode.c.h; path = SuperUIViewController.h; sourceTree = "<group>"; };
		063B8EF51CB4BAB100E3AFCC /* SuperUIViewController.m */ = {isa = PBXFileReference; fileEncoding = 4; lastKnownFileType = sourcecode.c.objc; path = SuperUIViewController.m; sourceTree = "<group>"; };
		063B8EFE1CB4BC1100E3AFCC /* HomeViewController.h */ = {isa = PBXFileReference; fileEncoding = 4; lastKnownFileType = sourcecode.c.h; path = HomeViewController.h; sourceTree = "<group>"; };
		063B8EFF1CB4BC1100E3AFCC /* HomeViewController.m */ = {isa = PBXFileReference; fileEncoding = 4; lastKnownFileType = sourcecode.c.objc; path = HomeViewController.m; sourceTree = "<group>"; };
		063B8F051CB4C4DF00E3AFCC /* APPTabBarController.h */ = {isa = PBXFileReference; fileEncoding = 4; lastKnownFileType = sourcecode.c.h; path = APPTabBarController.h; sourceTree = "<group>"; };
		063B8F061CB4C4DF00E3AFCC /* APPTabBarController.m */ = {isa = PBXFileReference; fileEncoding = 4; lastKnownFileType = sourcecode.c.objc; path = APPTabBarController.m; sourceTree = "<group>"; };
		063B8F081CB4C50900E3AFCC /* APPNavigationController.h */ = {isa = PBXFileReference; fileEncoding = 4; lastKnownFileType = sourcecode.c.h; path = APPNavigationController.h; sourceTree = "<group>"; };
		063B8F091CB4C50900E3AFCC /* APPNavigationController.m */ = {isa = PBXFileReference; fileEncoding = 4; lastKnownFileType = sourcecode.c.objc; path = APPNavigationController.m; sourceTree = "<group>"; };
		063B8F0F1CB4CE1200E3AFCC /* APPDefine.h */ = {isa = PBXFileReference; lastKnownFileType = sourcecode.c.h; path = APPDefine.h; sourceTree = "<group>"; };
		0819798B0E8B5C3BFB91EF75 /* Pods.release.xcconfig */ = {isa = PBXFileReference; includeInIndex = 1; lastKnownFileType = text.xcconfig; name = Pods.release.xcconfig; path = "Pods/Target Support Files/Pods/Pods.release.xcconfig"; sourceTree = "<group>"; };
		9215D97E4070822D2428877E /* Pods.debug.xcconfig */ = {isa = PBXFileReference; includeInIndex = 1; lastKnownFileType = text.xcconfig; name = Pods.debug.xcconfig; path = "Pods/Target Support Files/Pods/Pods.debug.xcconfig"; sourceTree = "<group>"; };
		F754A12E4B107F04B5C3C39A /* libPods.a */ = {isa = PBXFileReference; explicitFileType = archive.ar; includeInIndex = 0; path = libPods.a; sourceTree = BUILT_PRODUCTS_DIR; };
/* End PBXFileReference section */

/* Begin PBXFrameworksBuildPhase section */
		063B8ECB1CB4AFBF00E3AFCC /* Frameworks */ = {
			isa = PBXFrameworksBuildPhase;
			buildActionMask = 2147483647;
			files = (
				A28C62A6AD405E9A252518DA /* libPods.a in Frameworks */,
			);
			runOnlyForDeploymentPostprocessing = 0;
		};
/* End PBXFrameworksBuildPhase section */

/* Begin PBXGroup section */
		063B8EC51CB4AFBF00E3AFCC = {
			isa = PBXGroup;
			children = (
				063B8ED01CB4AFBF00E3AFCC /* HZLocker */,
				063B8ECF1CB4AFBF00E3AFCC /* Products */,
				55B76FD25DFF2BCACDBAB2C1 /* Pods */,
				D7DF234511799B63EF93DA45 /* Frameworks */,
			);
			sourceTree = "<group>";
		};
		063B8ECF1CB4AFBF00E3AFCC /* Products */ = {
			isa = PBXGroup;
			children = (
				063B8ECE1CB4AFBF00E3AFCC /* HZLocker.app */,
			);
			name = Products;
			sourceTree = "<group>";
		};
		063B8ED01CB4AFBF00E3AFCC /* HZLocker */ = {
			isa = PBXGroup;
			children = (
				063B8F0B1CB4C55F00E3AFCC /* Login */,
				063B8EFD1CB4BB6C00E3AFCC /* Home */,
				063B8F031CB4C41700E3AFCC /* Authorize */,
				063B8F021CB4C3DF00E3AFCC /* Record */,
				063B8F011CB4C39F00E3AFCC /* Mine */,
				063B8EEF1CB4BA5700E3AFCC /* APPDelegate */,
				063B8F041CB4C47F00E3AFCC /* APPPlus */,
				063B8ED11CB4AFBF00E3AFCC /* Supporting Files */,
				063B8EE01CB4AFBF00E3AFCC /* Assets.xcassets */,
			);
			path = HZLocker;
			sourceTree = "<group>";
		};
		063B8ED11CB4AFBF00E3AFCC /* Supporting Files */ = {
			isa = PBXGroup;
			children = (
				063B8ED71CB4AFBF00E3AFCC /* ViewController.h */,
				063B8ED81CB4AFBF00E3AFCC /* ViewController.m */,
				063B8EDA1CB4AFBF00E3AFCC /* Main.storyboard */,
				063B8EE21CB4AFBF00E3AFCC /* LaunchScreen.storyboard */,
				063B8EE51CB4AFBF00E3AFCC /* Info.plist */,
				063B8EDD1CB4AFBF00E3AFCC /* HZLocker.xcdatamodeld */,
				063B8ED21CB4AFBF00E3AFCC /* main.m */,
				063B8EEB1CB4B84400E3AFCC /* PrefixHeader.pch */,
			);
			name = "Supporting Files";
			sourceTree = "<group>";
		};
		063B8EEF1CB4BA5700E3AFCC /* APPDelegate */ = {
			isa = PBXGroup;
			children = (
				063B8ED41CB4AFBF00E3AFCC /* AppDelegate.h */,
				063B8ED51CB4AFBF00E3AFCC /* AppDelegate.m */,
				063B8EF01CB4BA5700E3AFCC /* APPManager.h */,
				063B8EF11CB4BA5700E3AFCC /* APPManager.m */,
				063B8EF41CB4BAB100E3AFCC /* SuperUIViewController.h */,
				063B8EF51CB4BAB100E3AFCC /* SuperUIViewController.m */,
				063B8F051CB4C4DF00E3AFCC /* APPTabBarController.h */,
				063B8F061CB4C4DF00E3AFCC /* APPTabBarController.m */,
				063B8F081CB4C50900E3AFCC /* APPNavigationController.h */,
				063B8F091CB4C50900E3AFCC /* APPNavigationController.m */,
			);
			path = APPDelegate;
			sourceTree = "<group>";
		};
		063B8EFD1CB4BB6C00E3AFCC /* Home */ = {
			isa = PBXGroup;
			children = (
				063B8EFE1CB4BC1100E3AFCC /* HomeViewController.h */,
				063B8EFF1CB4BC1100E3AFCC /* HomeViewController.m */,
			);
			path = Home;
			sourceTree = "<group>";
		};
		063B8F011CB4C39F00E3AFCC /* Mine */ = {
			isa = PBXGroup;
			children = (
			);
			path = Mine;
			sourceTree = "<group>";
		};
		063B8F021CB4C3DF00E3AFCC /* Record */ = {
			isa = PBXGroup;
			children = (
			);
			path = Record;
			sourceTree = "<group>";
		};
		063B8F031CB4C41700E3AFCC /* Authorize */ = {
			isa = PBXGroup;
			children = (
			);
			path = Authorize;
			sourceTree = "<group>";
		};
		063B8F041CB4C47F00E3AFCC /* APPPlus */ = {
			isa = PBXGroup;
			children = (
				063B8F0F1CB4CE1200E3AFCC /* APPDefine.h */,
			);
			path = APPPlus;
			sourceTree = "<group>";
		};
		063B8F0B1CB4C55F00E3AFCC /* Login */ = {
			isa = PBXGroup;
			children = (
			);
			path = Login;
			sourceTree = "<group>";
		};
		55B76FD25DFF2BCACDBAB2C1 /* Pods */ = {
			isa = PBXGroup;
			children = (
				9215D97E4070822D2428877E /* Pods.debug.xcconfig */,
				0819798B0E8B5C3BFB91EF75 /* Pods.release.xcconfig */,
			);
			name = Pods;
			sourceTree = "<group>";
		};
		D7DF234511799B63EF93DA45 /* Frameworks */ = {
			isa = PBXGroup;
			children = (
				F754A12E4B107F04B5C3C39A /* libPods.a */,
			);
			name = Frameworks;
			sourceTree = "<group>";
		};
/* End PBXGroup section */

/* Begin PBXNativeTarget section */
		063B8ECD1CB4AFBF00E3AFCC /* HZLocker */ = {
			isa = PBXNativeTarget;
			buildConfigurationList = 063B8EE81CB4AFBF00E3AFCC /* Build configuration list for PBXNativeTarget "HZLocker" */;
			buildPhases = (
				70B6925558D7FCE74599AF42 /* Check Pods Manifest.lock */,
				063B8ECA1CB4AFBF00E3AFCC /* Sources */,
				063B8ECB1CB4AFBF00E3AFCC /* Frameworks */,
				063B8ECC1CB4AFBF00E3AFCC /* Resources */,
				91111E941CB282F668DE9327 /* Embed Pods Frameworks */,
				4F7DA35FDD432F06592F84E6 /* Copy Pods Resources */,
			);
			buildRules = (
			);
			dependencies = (
			);
			name = HZLocker;
			productName = HZLocker;
			productReference = 063B8ECE1CB4AFBF00E3AFCC /* HZLocker.app */;
			productType = "com.apple.product-type.application";
		};
/* End PBXNativeTarget section */

/* Begin PBXProject section */
		063B8EC61CB4AFBF00E3AFCC /* Project object */ = {
			isa = PBXProject;
			attributes = {
				LastUpgradeCheck = 0730;
				ORGANIZATIONNAME = HZ;
				TargetAttributes = {
					063B8ECD1CB4AFBF00E3AFCC = {
						CreatedOnToolsVersion = 7.3;
					};
				};
			};
			buildConfigurationList = 063B8EC91CB4AFBF00E3AFCC /* Build configuration list for PBXProject "HZLocker" */;
			compatibilityVersion = "Xcode 3.2";
			developmentRegion = English;
			hasScannedForEncodings = 0;
			knownRegions = (
				en,
				Base,
			);
			mainGroup = 063B8EC51CB4AFBF00E3AFCC;
			productRefGroup = 063B8ECF1CB4AFBF00E3AFCC /* Products */;
			projectDirPath = "";
			projectRoot = "";
			targets = (
				063B8ECD1CB4AFBF00E3AFCC /* HZLocker */,
			);
		};
/* End PBXProject section */

/* Begin PBXResourcesBuildPhase section */
		063B8ECC1CB4AFBF00E3AFCC /* Resources */ = {
			isa = PBXResourcesBuildPhase;
			buildActionMask = 2147483647;
			files = (
				063B8EE41CB4AFBF00E3AFCC /* LaunchScreen.storyboard in Resources */,
				063B8EE11CB4AFBF00E3AFCC /* Assets.xcassets in Resources */,
				063B8EDC1CB4AFBF00E3AFCC /* Main.storyboard in Resources */,
			);
			runOnlyForDeploymentPostprocessing = 0;
		};
/* End PBXResourcesBuildPhase section */

/* Begin PBXShellScriptBuildPhase section */
		4F7DA35FDD432F06592F84E6 /* Copy Pods Resources */ = {
			isa = PBXShellScriptBuildPhase;
			buildActionMask = 2147483647;
			files = (
			);
			inputPaths = (
			);
			name = "Copy Pods Resources";
			outputPaths = (
			);
			runOnlyForDeploymentPostprocessing = 0;
			shellPath = /bin/sh;
			shellScript = "\"${SRCROOT}/Pods/Target Support Files/Pods/Pods-resources.sh\"\n";
			showEnvVarsInLog = 0;
		};
		70B6925558D7FCE74599AF42 /* Check Pods Manifest.lock */ = {
			isa = PBXShellScriptBuildPhase;
			buildActionMask = 2147483647;
			files = (
			);
			inputPaths = (
			);
			name = "Check Pods Manifest.lock";
			outputPaths = (
			);
			runOnlyForDeploymentPostprocessing = 0;
			shellPath = /bin/sh;
			shellScript = "diff \"${PODS_ROOT}/../Podfile.lock\" \"${PODS_ROOT}/Manifest.lock\" > /dev/null\nif [[ $? != 0 ]] ; then\n    cat << EOM\nerror: The sandbox is not in sync with the Podfile.lock. Run 'pod install' or update your CocoaPods installation.\nEOM\n    exit 1\nfi\n";
			showEnvVarsInLog = 0;
		};
		91111E941CB282F668DE9327 /* Embed Pods Frameworks */ = {
			isa = PBXShellScriptBuildPhase;
			buildActionMask = 2147483647;
			files = (
			);
			inputPaths = (
			);
			name = "Embed Pods Frameworks";
			outputPaths = (
			);
			runOnlyForDeploymentPostprocessing = 0;
			shellPath = /bin/sh;
			shellScript = "\"${SRCROOT}/Pods/Target Support Files/Pods/Pods-frameworks.sh\"\n";
			showEnvVarsInLog = 0;
		};
/* End PBXShellScriptBuildPhase section */

/* Begin PBXSourcesBuildPhase section */
		063B8ECA1CB4AFBF00E3AFCC /* Sources */ = {
			isa = PBXSourcesBuildPhase;
			buildActionMask = 2147483647;
			files = (
				063B8ED91CB4AFBF00E3AFCC /* ViewController.m in Sources */,
				063B8F071CB4C4DF00E3AFCC /* APPTabBarController.m in Sources */,
				063B8ED61CB4AFBF00E3AFCC /* AppDelegate.m in Sources */,
				063B8EF61CB4BAB100E3AFCC /* SuperUIViewController.m in Sources */,
				063B8ED31CB4AFBF00E3AFCC /* main.m in Sources */,
				063B8EDF1CB4AFBF00E3AFCC /* HZLocker.xcdatamodeld in Sources */,
				063B8F0A1CB4C50900E3AFCC /* APPNavigationController.m in Sources */,
				063B8F001CB4BC1100E3AFCC /* HomeViewController.m in Sources */,
				063B8EF21CB4BA5700E3AFCC /* APPManager.m in Sources */,
			);
			runOnlyForDeploymentPostprocessing = 0;
		};
/* End PBXSourcesBuildPhase section */

/* Begin PBXVariantGroup section */
		063B8EDA1CB4AFBF00E3AFCC /* Main.storyboard */ = {
			isa = PBXVariantGroup;
			children = (
				063B8EDB1CB4AFBF00E3AFCC /* Base */,
			);
			name = Main.storyboard;
			sourceTree = "<group>";
		};
		063B8EE21CB4AFBF00E3AFCC /* LaunchScreen.storyboard */ = {
			isa = PBXVariantGroup;
			children = (
				063B8EE31CB4AFBF00E3AFCC /* Base */,
			);
			name = LaunchScreen.storyboard;
			sourceTree = "<group>";
		};
/* End PBXVariantGroup section */

/* Begin XCBuildConfiguration section */
		063B8EE61CB4AFBF00E3AFCC /* Debug */ = {
			isa = XCBuildConfiguration;
			buildSettings = {
				ALWAYS_SEARCH_USER_PATHS = NO;
				CLANG_ANALYZER_NONNULL = YES;
				CLANG_CXX_LANGUAGE_STANDARD = "gnu++0x";
				CLANG_CXX_LIBRARY = "libc++";
				CLANG_ENABLE_MODULES = YES;
				CLANG_ENABLE_OBJC_ARC = YES;
				CLANG_WARN_BOOL_CONVERSION = YES;
				CLANG_WARN_CONSTANT_CONVERSION = YES;
				CLANG_WARN_DIRECT_OBJC_ISA_USAGE = YES_ERROR;
				CLANG_WARN_EMPTY_BODY = YES;
				CLANG_WARN_ENUM_CONVERSION = YES;
				CLANG_WARN_INT_CONVERSION = YES;
				CLANG_WARN_OBJC_ROOT_CLASS = YES_ERROR;
				CLANG_WARN_UNREACHABLE_CODE = YES;
				CLANG_WARN__DUPLICATE_METHOD_MATCH = YES;
				"CODE_SIGN_IDENTITY[sdk=iphoneos*]" = "iPhone Developer";
				COPY_PHASE_STRIP = NO;
				DEBUG_INFORMATION_FORMAT = dwarf;
				ENABLE_STRICT_OBJC_MSGSEND = YES;
				ENABLE_TESTABILITY = YES;
				GCC_C_LANGUAGE_STANDARD = gnu99;
				GCC_DYNAMIC_NO_PIC = NO;
				GCC_NO_COMMON_BLOCKS = YES;
				GCC_OPTIMIZATION_LEVEL = 0;
				GCC_PREPROCESSOR_DEFINITIONS = (
					"DEBUG=1",
					"$(inherited)",
				);
				GCC_WARN_64_TO_32_BIT_CONVERSION = YES;
				GCC_WARN_ABOUT_RETURN_TYPE = YES_ERROR;
				GCC_WARN_UNDECLARED_SELECTOR = YES;
				GCC_WARN_UNINITIALIZED_AUTOS = YES_AGGRESSIVE;
				GCC_WARN_UNUSED_FUNCTION = YES;
				GCC_WARN_UNUSED_VARIABLE = YES;
				IPHONEOS_DEPLOYMENT_TARGET = 9.3;
				MTL_ENABLE_DEBUG_INFO = YES;
				ONLY_ACTIVE_ARCH = YES;
				SDKROOT = iphoneos;
			};
			name = Debug;
		};
		063B8EE71CB4AFBF00E3AFCC /* Release */ = {
			isa = XCBuildConfiguration;
			buildSettings = {
				ALWAYS_SEARCH_USER_PATHS = NO;
				CLANG_ANALYZER_NONNULL = YES;
				CLANG_CXX_LANGUAGE_STANDARD = "gnu++0x";
				CLANG_CXX_LIBRARY = "libc++";
				CLANG_ENABLE_MODULES = YES;
				CLANG_ENABLE_OBJC_ARC = YES;
				CLANG_WARN_BOOL_CONVERSION = YES;
				CLANG_WARN_CONSTANT_CONVERSION = YES;
				CLANG_WARN_DIRECT_OBJC_ISA_USAGE = YES_ERROR;
				CLANG_WARN_EMPTY_BODY = YES;
				CLANG_WARN_ENUM_CONVERSION = YES;
				CLANG_WARN_INT_CONVERSION = YES;
				CLANG_WARN_OBJC_ROOT_CLASS = YES_ERROR;
				CLANG_WARN_UNREACHABLE_CODE = YES;
				CLANG_WARN__DUPLICATE_METHOD_MATCH = YES;
				"CODE_SIGN_IDENTITY[sdk=iphoneos*]" = "iPhone Developer";
				COPY_PHASE_STRIP = NO;
				DEBUG_INFORMATION_FORMAT = "dwarf-with-dsym";
				ENABLE_NS_ASSERTIONS = NO;
				ENABLE_STRICT_OBJC_MSGSEND = YES;
				GCC_C_LANGUAGE_STANDARD = gnu99;
				GCC_NO_COMMON_BLOCKS = YES;
				GCC_WARN_64_TO_32_BIT_CONVERSION = YES;
				GCC_WARN_ABOUT_RETURN_TYPE = YES_ERROR;
				GCC_WARN_UNDECLARED_SELECTOR = YES;
				GCC_WARN_UNINITIALIZED_AUTOS = YES_AGGRESSIVE;
				GCC_WARN_UNUSED_FUNCTION = YES;
				GCC_WARN_UNUSED_VARIABLE = YES;
				IPHONEOS_DEPLOYMENT_TARGET = 9.3;
				MTL_ENABLE_DEBUG_INFO = NO;
				SDKROOT = iphoneos;
				VALIDATE_PRODUCT = YES;
			};
			name = Release;
		};
		063B8EE91CB4AFBF00E3AFCC /* Debug */ = {
			isa = XCBuildConfiguration;
			baseConfigurationReference = 9215D97E4070822D2428877E /* Pods.debug.xcconfig */;
			buildSettings = {
				ASSETCATALOG_COMPILER_APPICON_NAME = AppIcon;
				GCC_PREFIX_HEADER = "$(SRCROOT)/$(PROJECT_NAME)/PrefixHeader.pch";
				INFOPLIST_FILE = HZLocker/Info.plist;
				LD_RUNPATH_SEARCH_PATHS = "$(inherited) @executable_path/Frameworks";
				PRODUCT_BUNDLE_IDENTIFIER = com.chz.HZLocker;
				PRODUCT_NAME = "$(TARGET_NAME)";
			};
			name = Debug;
		};
		063B8EEA1CB4AFBF00E3AFCC /* Release */ = {
			isa = XCBuildConfiguration;
			baseConfigurationReference = 0819798B0E8B5C3BFB91EF75 /* Pods.release.xcconfig */;
			buildSettings = {
				ASSETCATALOG_COMPILER_APPICON_NAME = AppIcon;
				GCC_PREFIX_HEADER = "$(SRCROOT)/$(PROJECT_NAME)/PrefixHeader.pch";
				INFOPLIST_FILE = HZLocker/Info.plist;
				LD_RUNPATH_SEARCH_PATHS = "$(inherited) @executable_path/Frameworks";
				PRODUCT_BUNDLE_IDENTIFIER = com.chz.HZLocker;
				PRODUCT_NAME = "$(TARGET_NAME)";
			};
			name = Release;
		};
/* End XCBuildConfiguration section */

/* Begin XCConfigurationList section */
		063B8EC91CB4AFBF00E3AFCC /* Build configuration list for PBXProject "HZLocker" */ = {
			isa = XCConfigurationList;
			buildConfigurations = (
				063B8EE61CB4AFBF00E3AFCC /* Debug */,
				063B8EE71CB4AFBF00E3AFCC /* Release */,
			);
			defaultConfigurationIsVisible = 0;
			defaultConfigurationName = Release;
		};
		063B8EE81CB4AFBF00E3AFCC /* Build configuration list for PBXNativeTarget "HZLocker" */ = {
			isa = XCConfigurationList;
			buildConfigurations = (
				063B8EE91CB4AFBF00E3AFCC /* Debug */,
				063B8EEA1CB4AFBF00E3AFCC /* Release */,
			);
			defaultConfigurationIsVisible = 0;
			defaultConfigurationName = Release;
		};
/* End XCConfigurationList section */

/* Begin XCVersionGroup section */
		063B8EDD1CB4AFBF00E3AFCC /* HZLocker.xcdatamodeld */ = {
			isa = XCVersionGroup;
			children = (
				063B8EDE1CB4AFBF00E3AFCC /* HZLocker.xcdatamodel */,
			);
			currentVersion = 063B8EDE1CB4AFBF00E3AFCC /* HZLocker.xcdatamodel */;
			path = HZLocker.xcdatamodeld;
			sourceTree = "<group>";
			versionGroupType = wrapper.xcdatamodel;
		};
/* End XCVersionGroup section */
	};
	rootObject = 063B8EC61CB4AFBF00E3AFCC /* Project object */;
}
